// !$*UTF8*$!
{
	archiveVersion = 1;
	classes = {
	};
	objectVersion = 46;
	objects = {

/* Begin PBXBuildFile section */
		8646546E1F018909005EC035 /* AppDelegate.swift in Sources */ = {isa = PBXBuildFile; fileRef = 8646546D1F018909005EC035 /* AppDelegate.swift */; };
		864654701F018909005EC035 /* ViewController.swift in Sources */ = {isa = PBXBuildFile; fileRef = 8646546F1F018909005EC035 /* ViewController.swift */; };
		864654731F018909005EC035 /* Main.storyboard in Resources */ = {isa = PBXBuildFile; fileRef = 864654711F018909005EC035 /* Main.storyboard */; };
		864654751F018909005EC035 /* Assets.xcassets in Resources */ = {isa = PBXBuildFile; fileRef = 864654741F018909005EC035 /* Assets.xcassets */; };
		864654781F018909005EC035 /* LaunchScreen.storyboard in Resources */ = {isa = PBXBuildFile; fileRef = 864654761F018909005EC035 /* LaunchScreen.storyboard */; };
		864654831F018909005EC035 /* Parse_ChatTests.swift in Sources */ = {isa = PBXBuildFile; fileRef = 864654821F018909005EC035 /* Parse_ChatTests.swift */; };
		8646548E1F018909005EC035 /* Parse_ChatUITests.swift in Sources */ = {isa = PBXBuildFile; fileRef = 8646548D1F018909005EC035 /* Parse_ChatUITests.swift */; };
/* End PBXBuildFile section */

/* Begin PBXContainerItemProxy section */
		8646547F1F018909005EC035 /* PBXContainerItemProxy */ = {
			isa = PBXContainerItemProxy;
			containerPortal = 864654621F018909005EC035 /* Project object */;
			proxyType = 1;
			remoteGlobalIDString = 864654691F018909005EC035;
			remoteInfo = "Parse Chat";
		};
		8646548A1F018909005EC035 /* PBXContainerItemProxy */ = {
			isa = PBXContainerItemProxy;
			containerPortal = 864654621F018909005EC035 /* Project object */;
			proxyType = 1;
			remoteGlobalIDString = 864654691F018909005EC035;
			remoteInfo = "Parse Chat";
		};
/* End PBXContainerItemProxy section */

/* Begin PBXFileReference section */
		8646546A1F018909005EC035 /* Parse Chat.app */ = {isa = PBXFileReference; explicitFileType = wrapper.application; includeInIndex = 0; path = "Parse Chat.app"; sourceTree = BUILT_PRODUCTS_DIR; };
		8646546D1F018909005EC035 /* AppDelegate.swift */ = {isa = PBXFileReference; lastKnownFileType = sourcecode.swift; path = AppDelegate.swift; sourceTree = "<group>"; };
		8646546F1F018909005EC035 /* ViewController.swift */ = {isa = PBXFileReference; lastKnownFileType = sourcecode.swift; path = ViewController.swift; sourceTree = "<group>"; };
		864654721F018909005EC035 /* Base */ = {isa = PBXFileReference; lastKnownFileType = file.storyboard; name = Base; path = Base.lproj/Main.storyboard; sourceTree = "<group>"; };
		864654741F018909005EC035 /* Assets.xcassets */ = {isa = PBXFileReference; lastKnownFileType = folder.assetcatalog; path = Assets.xcassets; sourceTree = "<group>"; };
		864654771F018909005EC035 /* Base */ = {isa = PBXFileReference; lastKnownFileType = file.storyboard; name = Base; path = Base.lproj/LaunchScreen.storyboard; sourceTree = "<group>"; };
		864654791F018909005EC035 /* Info.plist */ = {isa = PBXFileReference; lastKnownFileType = text.plist.xml; path = Info.plist; sourceTree = "<group>"; };
		8646547E1F018909005EC035 /* Parse ChatTests.xctest */ = {isa = PBXFileReference; explicitFileType = wrapper.cfbundle; includeInIndex = 0; path = "Parse ChatTests.xctest"; sourceTree = BUILT_PRODUCTS_DIR; };
		864654821F018909005EC035 /* Parse_ChatTests.swift */ = {isa = PBXFileReference; lastKnownFileType = sourcecode.swift; path = Parse_ChatTests.swift; sourceTree = "<group>"; };
		864654841F018909005EC035 /* Info.plist */ = {isa = PBXFileReference; lastKnownFileType = text.plist.xml; path = Info.plist; sourceTree = "<group>"; };
		864654891F018909005EC035 /* Parse ChatUITests.xctest */ = {isa = PBXFileReference; explicitFileType = wrapper.cfbundle; includeInIndex = 0; path = "Parse ChatUITests.xctest"; sourceTree = BUILT_PRODUCTS_DIR; };
		8646548D1F018909005EC035 /* Parse_ChatUITests.swift */ = {isa = PBXFileReference; lastKnownFileType = sourcecode.swift; path = Parse_ChatUITests.swift; sourceTree = "<group>"; };
		8646548F1F018909005EC035 /* Info.plist */ = {isa = PBXFileReference; lastKnownFileType = text.plist.xml; path = Info.plist; sourceTree = "<group>"; };
/* End PBXFileReference section */

/* Begin PBXFrameworksBuildPhase section */
		864654671F018909005EC035 /* Frameworks */ = {
			isa = PBXFrameworksBuildPhase;
			buildActionMask = 2147483647;
			files = (
			);
			runOnlyForDeploymentPostprocessing = 0;
		};
		8646547B1F018909005EC035 /* Frameworks */ = {
			isa = PBXFrameworksBuildPhase;
			buildActionMask = 2147483647;
			files = (
			);
			runOnlyForDeploymentPostprocessing = 0;
		};
		864654861F018909005EC035 /* Frameworks */ = {
			isa = PBXFrameworksBuildPhase;
			buildActionMask = 2147483647;
			files = (
			);
			runOnlyForDeploymentPostprocessing = 0;
		};
/* End PBXFrameworksBuildPhase section */

/* Begin PBXGroup section */
		864654611F018909005EC035 = {
			isa = PBXGroup;
			children = (
				8646546C1F018909005EC035 /* Parse Chat */,
				864654811F018909005EC035 /* Parse ChatTests */,
				8646548C1F018909005EC035 /* Parse ChatUITests */,
				8646546B1F018909005EC035 /* Products */,
			);
			sourceTree = "<group>";
		};
		8646546B1F018909005EC035 /* Products */ = {
			isa = PBXGroup;
			children = (
				8646546A1F018909005EC035 /* Parse Chat.app */,
				8646547E1F018909005EC035 /* Parse ChatTests.xctest */,
				864654891F018909005EC035 /* Parse ChatUITests.xctest */,
			);
			name = Products;
			sourceTree = "<group>";
		};
		8646546C1F018909005EC035 /* Parse Chat */ = {
			isa = PBXGroup;
			children = (
				8646546D1F018909005EC035 /* AppDelegate.swift */,
				8646546F1F018909005EC035 /* ViewController.swift */,
				864654711F018909005EC035 /* Main.storyboard */,
				864654741F018909005EC035 /* Assets.xcassets */,
				864654761F018909005EC035 /* LaunchScreen.storyboard */,
				864654791F018909005EC035 /* Info.plist */,
			);
			path = "Parse Chat";
			sourceTree = "<group>";
		};
		864654811F018909005EC035 /* Parse ChatTests */ = {
			isa = PBXGroup;
			children = (
				864654821F018909005EC035 /* Parse_ChatTests.swift */,
				864654841F018909005EC035 /* Info.plist */,
			);
			path = "Parse ChatTests";
			sourceTree = "<group>";
		};
		8646548C1F018909005EC035 /* Parse ChatUITests */ = {
			isa = PBXGroup;
			children = (
				8646548D1F018909005EC035 /* Parse_ChatUITests.swift */,
				8646548F1F018909005EC035 /* Info.plist */,
			);
			path = "Parse ChatUITests";
			sourceTree = "<group>";
		};
/* End PBXGroup section */

/* Begin PBXNativeTarget section */
		864654691F018909005EC035 /* Parse Chat */ = {
			isa = PBXNativeTarget;
			buildConfigurationList = 864654921F018909005EC035 /* Build configuration list for PBXNativeTarget "Parse Chat" */;
			buildPhases = (
				864654661F018909005EC035 /* Sources */,
				864654671F018909005EC035 /* Frameworks */,
				864654681F018909005EC035 /* Resources */,
			);
			buildRules = (
			);
			dependencies = (
			);
			name = "Parse Chat";
			productName = "Parse Chat";
			productReference = 8646546A1F018909005EC035 /* Parse Chat.app */;
			productType = "com.apple.product-type.application";
		};
		8646547D1F018909005EC035 /* Parse ChatTests */ = {
			isa = PBXNativeTarget;
			buildConfigurationList = 864654951F018909005EC035 /* Build configuration list for PBXNativeTarget "Parse ChatTests" */;
			buildPhases = (
				8646547A1F018909005EC035 /* Sources */,
				8646547B1F018909005EC035 /* Frameworks */,
				8646547C1F018909005EC035 /* Resources */,
			);
			buildRules = (
			);
			dependencies = (
				864654801F018909005EC035 /* PBXTargetDependency */,
			);
			name = "Parse ChatTests";
			productName = "Parse ChatTests";
			productReference = 8646547E1F018909005EC035 /* Parse ChatTests.xctest */;
			productType = "com.apple.product-type.bundle.unit-test";
		};
		864654881F018909005EC035 /* Parse ChatUITests */ = {
			isa = PBXNativeTarget;
			buildConfigurationList = 864654981F018909005EC035 /* Build configuration list for PBXNativeTarget "Parse ChatUITests" */;
			buildPhases = (
				864654851F018909005EC035 /* Sources */,
				864654861F018909005EC035 /* Frameworks */,
				864654871F018909005EC035 /* Resources */,
			);
			buildRules = (
			);
			dependencies = (
				8646548B1F018909005EC035 /* PBXTargetDependency */,
			);
			name = "Parse ChatUITests";
			productName = "Parse ChatUITests";
			productReference = 864654891F018909005EC035 /* Parse ChatUITests.xctest */;
			productType = "com.apple.product-type.bundle.ui-testing";
		};
/* End PBXNativeTarget section */

/* Begin PBXProject section */
		864654621F018909005EC035 /* Project object */ = {
			isa = PBXProject;
			attributes = {
				LastSwiftUpdateCheck = 0830;
				LastUpgradeCheck = 0830;
				ORGANIZATIONNAME = "Gabriel Muñiz";
				TargetAttributes = {
					864654691F018909005EC035 = {
						CreatedOnToolsVersion = 8.3.2;
						ProvisioningStyle = Automatic;
					};
					8646547D1F018909005EC035 = {
						CreatedOnToolsVersion = 8.3.2;
						ProvisioningStyle = Automatic;
						TestTargetID = 864654691F018909005EC035;
					};
					864654881F018909005EC035 = {
						CreatedOnToolsVersion = 8.3.2;
						ProvisioningStyle = Automatic;
						TestTargetID = 864654691F018909005EC035;
					};
				};
			};
			buildConfigurationList = 864654651F018909005EC035 /* Build configuration list for PBXProject "Parse Chat" */;
			compatibilityVersion = "Xcode 3.2";
			developmentRegion = English;
			hasScannedForEncodings = 0;
			knownRegions = (
				en,
				Base,
			);
			mainGroup = 864654611F018909005EC035;
			productRefGroup = 8646546B1F018909005EC035 /* Products */;
			projectDirPath = "";
			projectRoot = "";
			targets = (
				864654691F018909005EC035 /* Parse Chat */,
				8646547D1F018909005EC035 /* Parse ChatTests */,
				864654881F018909005EC035 /* Parse ChatUITests */,
			);
		};
/* End PBXProject section */

/* Begin PBXResourcesBuildPhase section */
		864654681F018909005EC035 /* Resources */ = {
			isa = PBXResourcesBuildPhase;
			buildActionMask = 2147483647;
			files = (
				864654781F018909005EC035 /* LaunchScreen.storyboard in Resources */,
				864654751F018909005EC035 /* Assets.xcassets in Resources */,
				864654731F018909005EC035 /* Main.storyboard in Resources */,
			);
			runOnlyForDeploymentPostprocessing = 0;
		};
		8646547C1F018909005EC035 /* Resources */ = {
			isa = PBXResourcesBuildPhase;
			buildActionMask = 2147483647;
			files = (
			);
			runOnlyForDeploymentPostprocessing = 0;
		};
		864654871F018909005EC035 /* Resources */ = {
			isa = PBXResourcesBuildPhase;
			buildActionMask = 2147483647;
			files = (
			);
			runOnlyForDeploymentPostprocessing = 0;
		};
/* End PBXResourcesBuildPhase section */

/* Begin PBXSourcesBuildPhase section */
		864654661F018909005EC035 /* Sources */ = {
			isa = PBXSourcesBuildPhase;
			buildActionMask = 2147483647;
			files = (
				864654701F018909005EC035 /* ViewController.swift in Sources */,
				8646546E1F018909005EC035 /* AppDelegate.swift in Sources */,
			);
			runOnlyForDeploymentPostprocessing = 0;
		};
		8646547A1F018909005EC035 /* Sources */ = {
			isa = PBXSourcesBuildPhase;
			buildActionMask = 2147483647;
			files = (
				864654831F018909005EC035 /* Parse_ChatTests.swift in Sources */,
			);
			runOnlyForDeploymentPostprocessing = 0;
		};
		864654851F018909005EC035 /* Sources */ = {
			isa = PBXSourcesBuildPhase;
			buildActionMask = 2147483647;
			files = (
				8646548E1F018909005EC035 /* Parse_ChatUITests.swift in Sources */,
			);
			runOnlyForDeploymentPostprocessing = 0;
		};
/* End PBXSourcesBuildPhase section */

/* Begin PBXTargetDependency section */
		864654801F018909005EC035 /* PBXTargetDependency */ = {
			isa = PBXTargetDependency;
			target = 864654691F018909005EC035 /* Parse Chat */;
			targetProxy = 8646547F1F018909005EC035 /* PBXContainerItemProxy */;
		};
		8646548B1F018909005EC035 /* PBXTargetDependency */ = {
			isa = PBXTargetDependency;
			target = 864654691F018909005EC035 /* Parse Chat */;
			targetProxy = 8646548A1F018909005EC035 /* PBXContainerItemProxy */;
		};
/* End PBXTargetDependency section */

/* Begin PBXVariantGroup section */
		864654711F018909005EC035 /* Main.storyboard */ = {
			isa = PBXVariantGroup;
			children = (
				864654721F018909005EC035 /* Base */,
			);
			name = Main.storyboard;
			sourceTree = "<group>";
		};
		864654761F018909005EC035 /* LaunchScreen.storyboard */ = {
			isa = PBXVariantGroup;
			children = (
				864654771F018909005EC035 /* Base */,
			);
			name = LaunchScreen.storyboard;
			sourceTree = "<group>";
		};
/* End PBXVariantGroup section */

/* Begin XCBuildConfiguration section */
		864654901F018909005EC035 /* Debug */ = {
			isa = XCBuildConfiguration;
			buildSettings = {
				ALWAYS_SEARCH_USER_PATHS = NO;
				CLANG_ANALYZER_NONNULL = YES;
				CLANG_ANALYZER_NUMBER_OBJECT_CONVERSION = YES_AGGRESSIVE;
				CLANG_CXX_LANGUAGE_STANDARD = "gnu++0x";
				CLANG_CXX_LIBRARY = "libc++";
				CLANG_ENABLE_MODULES = YES;
				CLANG_ENABLE_OBJC_ARC = YES;
				CLANG_WARN_BOOL_CONVERSION = YES;
				CLANG_WARN_CONSTANT_CONVERSION = YES;
				CLANG_WARN_DIRECT_OBJC_ISA_USAGE = YES_ERROR;
				CLANG_WARN_DOCUMENTATION_COMMENTS = YES;
				CLANG_WARN_EMPTY_BODY = YES;
				CLANG_WARN_ENUM_CONVERSION = YES;
				CLANG_WARN_INFINITE_RECURSION = YES;
				CLANG_WARN_INT_CONVERSION = YES;
				CLANG_WARN_OBJC_ROOT_CLASS = YES_ERROR;
				CLANG_WARN_SUSPICIOUS_MOVE = YES;
				CLANG_WARN_UNREACHABLE_CODE = YES;
				CLANG_WARN__DUPLICATE_METHOD_MATCH = YES;
				"CODE_SIGN_IDENTITY[sdk=iphoneos*]" = "iPhone Developer";
				COPY_PHASE_STRIP = NO;
				DEBUG_INFORMATION_FORMAT = dwarf;
				ENABLE_STRICT_OBJC_MSGSEND = YES;
				ENABLE_TESTABILITY = YES;
				GCC_C_LANGUAGE_STANDARD = gnu99;
				GCC_DYNAMIC_NO_PIC = NO;
				GCC_NO_COMMON_BLOCKS = YES;
				GCC_OPTIMIZATION_LEVEL = 0;
				GCC_PREPROCESSOR_DEFINITIONS = (
					"DEBUG=1",
					"$(inherited)",
				);
				GCC_WARN_64_TO_32_BIT_CONVERSION = YES;
				GCC_WARN_ABOUT_RETURN_TYPE = YES_ERROR;
				GCC_WARN_UNDECLARED_SELECTOR = YES;
				GCC_WARN_UNINITIALIZED_AUTOS = YES_AGGRESSIVE;
				GCC_WARN_UNUSED_FUNCTION = YES;
				GCC_WARN_UNUSED_VARIABLE = YES;
				IPHONEOS_DEPLOYMENT_TARGET = 10.3;
				MTL_ENABLE_DEBUG_INFO = YES;
				ONLY_ACTIVE_ARCH = YES;
				SDKROOT = iphoneos;
				SWIFT_ACTIVE_COMPILATION_CONDITIONS = DEBUG;
				SWIFT_OPTIMIZATION_LEVEL = "-Onone";
			};
			name = Debug;
		};
		864654911F018909005EC035 /* Release */ = {
			isa = XCBuildConfiguration;
			buildSettings = {
				ALWAYS_SEARCH_USER_PATHS = NO;
				CLANG_ANALYZER_NONNULL = YES;
				CLANG_ANALYZER_NUMBER_OBJECT_CONVERSION = YES_AGGRESSIVE;
				CLANG_CXX_LANGUAGE_STANDARD = "gnu++0x";
				CLANG_CXX_LIBRARY = "libc++";
				CLANG_ENABLE_MODULES = YES;
				CLANG_ENABLE_OBJC_ARC = YES;
				CLANG_WARN_BOOL_CONVERSION = YES;
				CLANG_WARN_CONSTANT_CONVERSION = YES;
				CLANG_WARN_DIRECT_OBJC_ISA_USAGE = YES_ERROR;
				CLANG_WARN_DOCUMENTATION_COMMENTS = YES;
				CLANG_WARN_EMPTY_BODY = YES;
				CLANG_WARN_ENUM_CONVERSION = YES;
				CLANG_WARN_INFINITE_RECURSION = YES;
				CLANG_WARN_INT_CONVERSION = YES;
				CLANG_WARN_OBJC_ROOT_CLASS = YES_ERROR;
				CLANG_WARN_SUSPICIOUS_MOVE = YES;
				CLANG_WARN_UNREACHABLE_CODE = YES;
				CLANG_WARN__DUPLICATE_METHOD_MATCH = YES;
				"CODE_SIGN_IDENTITY[sdk=iphoneos*]" = "iPhone Developer";
				COPY_PHASE_STRIP = NO;
				DEBUG_INFORMATION_FORMAT = "dwarf-with-dsym";
				ENABLE_NS_ASSERTIONS = NO;
				ENABLE_STRICT_OBJC_MSGSEND = YES;
				GCC_C_LANGUAGE_STANDARD = gnu99;
				GCC_NO_COMMON_BLOCKS = YES;
				GCC_WARN_64_TO_32_BIT_CONVERSION = YES;
				GCC_WARN_ABOUT_RETURN_TYPE = YES_ERROR;
				GCC_WARN_UNDECLARED_SELECTOR = YES;
				GCC_WARN_UNINITIALIZED_AUTOS = YES_AGGRESSIVE;
				GCC_WARN_UNUSED_FUNCTION = YES;
				GCC_WARN_UNUSED_VARIABLE = YES;
				IPHONEOS_DEPLOYMENT_TARGET = 10.3;
				MTL_ENABLE_DEBUG_INFO = NO;
				SDKROOT = iphoneos;
				SWIFT_OPTIMIZATION_LEVEL = "-Owholemodule";
				VALIDATE_PRODUCT = YES;
			};
			name = Release;
		};
		864654931F018909005EC035 /* Debug */ = {
			isa = XCBuildConfiguration;
			buildSettings = {
				ASSETCATALOG_COMPILER_APPICON_NAME = AppIcon;
				INFOPLIST_FILE = "Parse Chat/Info.plist";
				LD_RUNPATH_SEARCH_PATHS = "$(inherited) @executable_path/Frameworks";
				PRODUCT_BUNDLE_IDENTIFIER = "com.gabriel.Parse-Chat";
				PRODUCT_NAME = "$(TARGET_NAME)";
				SWIFT_VERSION = 3.0;
			};
			name = Debug;
		};
		864654941F018909005EC035 /* Release */ = {
			isa = XCBuildConfiguration;
			buildSettings = {
				ASSETCATALOG_COMPILER_APPICON_NAME = AppIcon;
				INFOPLIST_FILE = "Parse Chat/Info.plist";
				LD_RUNPATH_SEARCH_PATHS = "$(inherited) @executable_path/Frameworks";
				PRODUCT_BUNDLE_IDENTIFIER = "com.gabriel.Parse-Chat";
				PRODUCT_NAME = "$(TARGET_NAME)";
				SWIFT_VERSION = 3.0;
			};
			name = Release;
		};
		864654961F018909005EC035 /* Debug */ = {
			isa = XCBuildConfiguration;
			buildSettings = {
				ALWAYS_EMBED_SWIFT_STANDARD_LIBRARIES = YES;
				BUNDLE_LOADER = "$(TEST_HOST)";
				INFOPLIST_FILE = "Parse ChatTests/Info.plist";
				LD_RUNPATH_SEARCH_PATHS = "$(inherited) @executable_path/Frameworks @loader_path/Frameworks";
				PRODUCT_BUNDLE_IDENTIFIER = "com.gabriel.Parse-ChatTests";
				PRODUCT_NAME = "$(TARGET_NAME)";
				SWIFT_VERSION = 3.0;
				TEST_HOST = "$(BUILT_PRODUCTS_DIR)/Parse Chat.app/Parse Chat";
			};
			name = Debug;
		};
		864654971F018909005EC035 /* Release */ = {
			isa = XCBuildConfiguration;
			buildSettings = {
				ALWAYS_EMBED_SWIFT_STANDARD_LIBRARIES = YES;
				BUNDLE_LOADER = "$(TEST_HOST)";
				INFOPLIST_FILE = "Parse ChatTests/Info.plist";
				LD_RUNPATH_SEARCH_PATHS = "$(inherited) @executable_path/Frameworks @loader_path/Frameworks";
				PRODUCT_BUNDLE_IDENTIFIER = "com.gabriel.Parse-ChatTests";
				PRODUCT_NAME = "$(TARGET_NAME)";
				SWIFT_VERSION = 3.0;
				TEST_HOST = "$(BUILT_PRODUCTS_DIR)/Parse Chat.app/Parse Chat";
			};
			name = Release;
		};
		864654991F018909005EC035 /* Debug */ = {
			isa = XCBuildConfiguration;
			buildSettings = {
				ALWAYS_EMBED_SWIFT_STANDARD_LIBRARIES = YES;
				INFOPLIST_FILE = "Parse ChatUITests/Info.plist";
				LD_RUNPATH_SEARCH_PATHS = "$(inherited) @executable_path/Frameworks @loader_path/Frameworks";
				PRODUCT_BUNDLE_IDENTIFIER = "com.gabriel.Parse-ChatUITests";
				PRODUCT_NAME = "$(TARGET_NAME)";
				SWIFT_VERSION = 3.0;
				TEST_TARGET_NAME = "Parse Chat";
			};
			name = Debug;
		};
		8646549A1F018909005EC035 /* Release */ = {
			isa = XCBuildConfiguration;
			buildSettings = {
				ALWAYS_EMBED_SWIFT_STANDARD_LIBRARIES = YES;
				INFOPLIST_FILE = "Parse ChatUITests/Info.plist";
				LD_RUNPATH_SEARCH_PATHS = "$(inherited) @executable_path/Frameworks @loader_path/Frameworks";
				PRODUCT_BUNDLE_IDENTIFIER = "com.gabriel.Parse-ChatUITests";
				PRODUCT_NAME = "$(TARGET_NAME)";
				SWIFT_VERSION = 3.0;
				TEST_TARGET_NAME = "Parse Chat";
			};
			name = Release;
		};
/* End XCBuildConfiguration section */

/* Begin XCConfigurationList section */
		864654651F018909005EC035 /* Build configuration list for PBXProject "Parse Chat" */ = {
			isa = XCConfigurationList;
			buildConfigurations = (
				864654901F018909005EC035 /* Debug */,
				864654911F018909005EC035 /* Release */,
			);
			defaultConfigurationIsVisible = 0;
			defaultConfigurationName = Release;
		};
		864654921F018909005EC035 /* Build configuration list for PBXNativeTarget "Parse Chat" */ = {
			isa = XCConfigurationList;
			buildConfigurations = (
				864654931F018909005EC035 /* Debug */,
				864654941F018909005EC035 /* Release */,
			);
			defaultConfigurationIsVisible = 0;
		};
		864654951F018909005EC035 /* Build configuration list for PBXNativeTarget "Parse ChatTests" */ = {
			isa = XCConfigurationList;
			buildConfigurations = (
				864654961F018909005EC035 /* Debug */,
				864654971F018909005EC035 /* Release */,
			);
			defaultConfigurationIsVisible = 0;
		};
		864654981F018909005EC035 /* Build configuration list for PBXNativeTarget "Parse ChatUITests" */ = {
			isa = XCConfigurationList;
			buildConfigurations = (
				864654991F018909005EC035 /* Debug */,
				8646549A1F018909005EC035 /* Release */,
			);
			defaultConfigurationIsVisible = 0;
		};
/* End XCConfigurationList section */
	};
	rootObject = 864654621F018909005EC035 /* Project object */;
}
